// !$*UTF8*$!
{
	archiveVersion = 1;
	classes = {
	};
	objectVersion = 56;
	objects = {

/* Begin PBXBuildFile section */
		DD653D4C293041CB00185834 /* AppDelegate.m in Sources */ = {isa = PBXBuildFile; fileRef = DD653D4B293041CB00185834 /* AppDelegate.m */; };
		DD653D4F293041CB00185834 /* SceneDelegate.m in Sources */ = {isa = PBXBuildFile; fileRef = DD653D4E293041CB00185834 /* SceneDelegate.m */; };
		DD653D52293041CB00185834 /* ViewController.m in Sources */ = {isa = PBXBuildFile; fileRef = DD653D51293041CB00185834 /* ViewController.m */; };
		DD653D55293041CB00185834 /* Main.storyboard in Resources */ = {isa = PBXBuildFile; fileRef = DD653D53293041CB00185834 /* Main.storyboard */; };
		DD653D57293041CC00185834 /* Assets.xcassets in Resources */ = {isa = PBXBuildFile; fileRef = DD653D56293041CC00185834 /* Assets.xcassets */; };
		DD653D5A293041CC00185834 /* LaunchScreen.storyboard in Resources */ = {isa = PBXBuildFile; fileRef = DD653D58293041CC00185834 /* LaunchScreen.storyboard */; };
		DD653D5D293041CC00185834 /* main.m in Sources */ = {isa = PBXBuildFile; fileRef = DD653D5C293041CC00185834 /* main.m */; };
		DD653D67293041CC00185834 /* BusinessAppTests.m in Sources */ = {isa = PBXBuildFile; fileRef = DD653D66293041CC00185834 /* BusinessAppTests.m */; };
		DD653D71293041CC00185834 /* BusinessAppUITests.m in Sources */ = {isa = PBXBuildFile; fileRef = DD653D70293041CC00185834 /* BusinessAppUITests.m */; };
		DD653D73293041CC00185834 /* BusinessAppUITestsLaunchTests.m in Sources */ = {isa = PBXBuildFile; fileRef = DD653D72293041CC00185834 /* BusinessAppUITestsLaunchTests.m */; };
/* End PBXBuildFile section */

/* Begin PBXContainerItemProxy section */
		DD653D63293041CC00185834 /* PBXContainerItemProxy */ = {
			isa = PBXContainerItemProxy;
			containerPortal = DD653D3F293041CB00185834 /* Project object */;
			proxyType = 1;
			remoteGlobalIDString = DD653D46293041CB00185834;
			remoteInfo = BusinessApp;
		};
		DD653D6D293041CC00185834 /* PBXContainerItemProxy */ = {
			isa = PBXContainerItemProxy;
			containerPortal = DD653D3F293041CB00185834 /* Project object */;
			proxyType = 1;
			remoteGlobalIDString = DD653D46293041CB00185834;
			remoteInfo = BusinessApp;
		};
/* End PBXContainerItemProxy section */

/* Begin PBXFileReference section */
		DD653D47293041CB00185834 /* BusinessApp.app */ = {isa = PBXFileReference; explicitFileType = wrapper.application; includeInIndex = 0; path = BusinessApp.app; sourceTree = BUILT_PRODUCTS_DIR; };
		DD653D4A293041CB00185834 /* AppDelegate.h */ = {isa = PBXFileReference; lastKnownFileType = sourcecode.c.h; path = AppDelegate.h; sourceTree = "<group>"; };
		DD653D4B293041CB00185834 /* AppDelegate.m */ = {isa = PBXFileReference; lastKnownFileType = sourcecode.c.objc; path = AppDelegate.m; sourceTree = "<group>"; };
		DD653D4D293041CB00185834 /* SceneDelegate.h */ = {isa = PBXFileReference; lastKnownFileType = sourcecode.c.h; path = SceneDelegate.h; sourceTree = "<group>"; };
		DD653D4E293041CB00185834 /* SceneDelegate.m */ = {isa = PBXFileReference; lastKnownFileType = sourcecode.c.objc; path = SceneDelegate.m; sourceTree = "<group>"; };
		DD653D50293041CB00185834 /* ViewController.h */ = {isa = PBXFileReference; lastKnownFileType = sourcecode.c.h; path = ViewController.h; sourceTree = "<group>"; };
		DD653D51293041CB00185834 /* ViewController.m */ = {isa = PBXFileReference; lastKnownFileType = sourcecode.c.objc; path = ViewController.m; sourceTree = "<group>"; };
		DD653D54293041CB00185834 /* Base */ = {isa = PBXFileReference; lastKnownFileType = file.storyboard; name = Base; path = Base.lproj/Main.storyboard; sourceTree = "<group>"; };
		DD653D56293041CC00185834 /* Assets.xcassets */ = {isa = PBXFileReference; lastKnownFileType = folder.assetcatalog; path = Assets.xcassets; sourceTree = "<group>"; };
		DD653D59293041CC00185834 /* Base */ = {isa = PBXFileReference; lastKnownFileType = file.storyboard; name = Base; path = Base.lproj/LaunchScreen.storyboard; sourceTree = "<group>"; };
		DD653D5B293041CC00185834 /* Info.plist */ = {isa = PBXFileReference; lastKnownFileType = text.plist.xml; path = Info.plist; sourceTree = "<group>"; };
		DD653D5C293041CC00185834 /* main.m */ = {isa = PBXFileReference; lastKnownFileType = sourcecode.c.objc; path = main.m; sourceTree = "<group>"; };
		DD653D62293041CC00185834 /* BusinessAppTests.xctest */ = {isa = PBXFileReference; explicitFileType = wrapper.cfbundle; includeInIndex = 0; path = BusinessAppTests.xctest; sourceTree = BUILT_PRODUCTS_DIR; };
		DD653D66293041CC00185834 /* BusinessAppTests.m */ = {isa = PBXFileReference; lastKnownFileType = sourcecode.c.objc; path = BusinessAppTests.m; sourceTree = "<group>"; };
		DD653D6C293041CC00185834 /* BusinessAppUITests.xctest */ = {isa = PBXFileReference; explicitFileType = wrapper.cfbundle; includeInIndex = 0; path = BusinessAppUITests.xctest; sourceTree = BUILT_PRODUCTS_DIR; };
		DD653D70293041CC00185834 /* BusinessAppUITests.m */ = {isa = PBXFileReference; lastKnownFileType = sourcecode.c.objc; path = BusinessAppUITests.m; sourceTree = "<group>"; };
		DD653D72293041CC00185834 /* BusinessAppUITestsLaunchTests.m */ = {isa = PBXFileReference; lastKnownFileType = sourcecode.c.objc; path = BusinessAppUITestsLaunchTests.m; sourceTree = "<group>"; };
/* End PBXFileReference section */

/* Begin PBXFrameworksBuildPhase section */
		DD653D44293041CB00185834 /* Frameworks */ = {
			isa = PBXFrameworksBuildPhase;
			buildActionMask = 2147483647;
			files = (
			);
			runOnlyForDeploymentPostprocessing = 0;
		};
		DD653D5F293041CC00185834 /* Frameworks */ = {
			isa = PBXFrameworksBuildPhase;
			buildActionMask = 2147483647;
			files = (
			);
			runOnlyForDeploymentPostprocessing = 0;
		};
		DD653D69293041CC00185834 /* Frameworks */ = {
			isa = PBXFrameworksBuildPhase;
			buildActionMask = 2147483647;
			files = (
			);
			runOnlyForDeploymentPostprocessing = 0;
		};
/* End PBXFrameworksBuildPhase section */

/* Begin PBXGroup section */
		DD653D3E293041CB00185834 = {
			isa = PBXGroup;
			children = (
				DD653D49293041CB00185834 /* BusinessApp */,
				DD653D65293041CC00185834 /* BusinessAppTests */,
				DD653D6F293041CC00185834 /* BusinessAppUITests */,
				DD653D48293041CB00185834 /* Products */,
			);
			sourceTree = "<group>";
		};
		DD653D48293041CB00185834 /* Products */ = {
			isa = PBXGroup;
			children = (
				DD653D47293041CB00185834 /* BusinessApp.app */,
				DD653D62293041CC00185834 /* BusinessAppTests.xctest */,
				DD653D6C293041CC00185834 /* BusinessAppUITests.xctest */,
			);
			name = Products;
			sourceTree = "<group>";
		};
		DD653D49293041CB00185834 /* BusinessApp */ = {
			isa = PBXGroup;
			children = (
				DD653D4A293041CB00185834 /* AppDelegate.h */,
				DD653D4B293041CB00185834 /* AppDelegate.m */,
				DD653D4D293041CB00185834 /* SceneDelegate.h */,
				DD653D4E293041CB00185834 /* SceneDelegate.m */,
				DD653D50293041CB00185834 /* ViewController.h */,
				DD653D51293041CB00185834 /* ViewController.m */,
				DD653D53293041CB00185834 /* Main.storyboard */,
				DD653D56293041CC00185834 /* Assets.xcassets */,
				DD653D58293041CC00185834 /* LaunchScreen.storyboard */,
				DD653D5B293041CC00185834 /* Info.plist */,
				DD653D5C293041CC00185834 /* main.m */,
			);
			path = BusinessApp;
			sourceTree = "<group>";
		};
		DD653D65293041CC00185834 /* BusinessAppTests */ = {
			isa = PBXGroup;
			children = (
				DD653D66293041CC00185834 /* BusinessAppTests.m */,
			);
			path = BusinessAppTests;
			sourceTree = "<group>";
		};
		DD653D6F293041CC00185834 /* BusinessAppUITests */ = {
			isa = PBXGroup;
			children = (
				DD653D70293041CC00185834 /* BusinessAppUITests.m */,
				DD653D72293041CC00185834 /* BusinessAppUITestsLaunchTests.m */,
			);
			path = BusinessAppUITests;
			sourceTree = "<group>";
		};
/* End PBXGroup section */

/* Begin PBXNativeTarget section */
		DD653D46293041CB00185834 /* BusinessApp */ = {
			isa = PBXNativeTarget;
			buildConfigurationList = DD653D76293041CC00185834 /* Build configuration list for PBXNativeTarget "BusinessApp" */;
			buildPhases = (
				DD653D43293041CB00185834 /* Sources */,
				DD653D44293041CB00185834 /* Frameworks */,
				DD653D45293041CB00185834 /* Resources */,
			);
			buildRules = (
			);
			dependencies = (
			);
			name = BusinessApp;
			productName = BusinessApp;
			productReference = DD653D47293041CB00185834 /* BusinessApp.app */;
			productType = "com.apple.product-type.application";
		};
		DD653D61293041CC00185834 /* BusinessAppTests */ = {
			isa = PBXNativeTarget;
			buildConfigurationList = DD653D79293041CC00185834 /* Build configuration list for PBXNativeTarget "BusinessAppTests" */;
			buildPhases = (
				DD653D5E293041CC00185834 /* Sources */,
				DD653D5F293041CC00185834 /* Frameworks */,
				DD653D60293041CC00185834 /* Resources */,
			);
			buildRules = (
			);
			dependencies = (
				DD653D64293041CC00185834 /* PBXTargetDependency */,
			);
			name = BusinessAppTests;
			productName = BusinessAppTests;
			productReference = DD653D62293041CC00185834 /* BusinessAppTests.xctest */;
			productType = "com.apple.product-type.bundle.unit-test";
		};
		DD653D6B293041CC00185834 /* BusinessAppUITests */ = {
			isa = PBXNativeTarget;
			buildConfigurationList = DD653D7C293041CC00185834 /* Build configuration list for PBXNativeTarget "BusinessAppUITests" */;
			buildPhases = (
				DD653D68293041CC00185834 /* Sources */,
				DD653D69293041CC00185834 /* Frameworks */,
				DD653D6A293041CC00185834 /* Resources */,
			);
			buildRules = (
			);
			dependencies = (
				DD653D6E293041CC00185834 /* PBXTargetDependency */,
			);
			name = BusinessAppUITests;
			productName = BusinessAppUITests;
			productReference = DD653D6C293041CC00185834 /* BusinessAppUITests.xctest */;
			productType = "com.apple.product-type.bundle.ui-testing";
		};
/* End PBXNativeTarget section */

/* Begin PBXProject section */
		DD653D3F293041CB00185834 /* Project object */ = {
			isa = PBXProject;
			attributes = {
				BuildIndependentTargetsInParallel = 1;
				LastUpgradeCheck = 1410;
				TargetAttributes = {
					DD653D46293041CB00185834 = {
						CreatedOnToolsVersion = 14.1;
					};
					DD653D61293041CC00185834 = {
						CreatedOnToolsVersion = 14.1;
						TestTargetID = DD653D46293041CB00185834;
					};
					DD653D6B293041CC00185834 = {
						CreatedOnToolsVersion = 14.1;
						TestTargetID = DD653D46293041CB00185834;
					};
				};
			};
			buildConfigurationList = DD653D42293041CB00185834 /* Build configuration list for PBXProject "BusinessApp" */;
			compatibilityVersion = "Xcode 14.0";
			developmentRegion = en;
			hasScannedForEncodings = 0;
			knownRegions = (
				en,
				Base,
			);
			mainGroup = DD653D3E293041CB00185834;
			productRefGroup = DD653D48293041CB00185834 /* Products */;
			projectDirPath = "";
			projectRoot = "";
			targets = (
				DD653D46293041CB00185834 /* BusinessApp */,
				DD653D61293041CC00185834 /* BusinessAppTests */,
				DD653D6B293041CC00185834 /* BusinessAppUITests */,
			);
		};
/* End PBXProject section */

/* Begin PBXResourcesBuildPhase section */
		DD653D45293041CB00185834 /* Resources */ = {
			isa = PBXResourcesBuildPhase;
			buildActionMask = 2147483647;
			files = (
				DD653D5A293041CC00185834 /* LaunchScreen.storyboard in Resources */,
				DD653D57293041CC00185834 /* Assets.xcassets in Resources */,
				DD653D55293041CB00185834 /* Main.storyboard in Resources */,
			);
			runOnlyForDeploymentPostprocessing = 0;
		};
		DD653D60293041CC00185834 /* Resources */ = {
			isa = PBXResourcesBuildPhase;
			buildActionMask = 2147483647;
			files = (
			);
			runOnlyForDeploymentPostprocessing = 0;
		};
		DD653D6A293041CC00185834 /* Resources */ = {
			isa = PBXResourcesBuildPhase;
			buildActionMask = 2147483647;
			files = (
			);
			runOnlyForDeploymentPostprocessing = 0;
		};
/* End PBXResourcesBuildPhase section */

/* Begin PBXSourcesBuildPhase section */
		DD653D43293041CB00185834 /* Sources */ = {
			isa = PBXSourcesBuildPhase;
			buildActionMask = 2147483647;
			files = (
				DD653D52293041CB00185834 /* ViewController.m in Sources */,
				DD653D4C293041CB00185834 /* AppDelegate.m in Sources */,
				DD653D5D293041CC00185834 /* main.m in Sources */,
				DD653D4F293041CB00185834 /* SceneDelegate.m in Sources */,
			);
			runOnlyForDeploymentPostprocessing = 0;
		};
		DD653D5E293041CC00185834 /* Sources */ = {
			isa = PBXSourcesBuildPhase;
			buildActionMask = 2147483647;
			files = (
				DD653D67293041CC00185834 /* BusinessAppTests.m in Sources */,
			);
			runOnlyForDeploymentPostprocessing = 0;
		};
		DD653D68293041CC00185834 /* Sources */ = {
			isa = PBXSourcesBuildPhase;
			buildActionMask = 2147483647;
			files = (
				DD653D73293041CC00185834 /* BusinessAppUITestsLaunchTests.m in Sources */,
				DD653D71293041CC00185834 /* BusinessAppUITests.m in Sources */,
			);
			runOnlyForDeploymentPostprocessing = 0;
		};
/* End PBXSourcesBuildPhase section */

/* Begin PBXTargetDependency section */
		DD653D64293041CC00185834 /* PBXTargetDependency */ = {
			isa = PBXTargetDependency;
			target = DD653D46293041CB00185834 /* BusinessApp */;
			targetProxy = DD653D63293041CC00185834 /* PBXContainerItemProxy */;
		};
		DD653D6E293041CC00185834 /* PBXTargetDependency */ = {
			isa = PBXTargetDependency;
			target = DD653D46293041CB00185834 /* BusinessApp */;
			targetProxy = DD653D6D293041CC00185834 /* PBXContainerItemProxy */;
		};
/* End PBXTargetDependency section */

/* Begin PBXVariantGroup section */
		DD653D53293041CB00185834 /* Main.storyboard */ = {
			isa = PBXVariantGroup;
			children = (
				DD653D54293041CB00185834 /* Base */,
			);
			name = Main.storyboard;
			sourceTree = "<group>";
		};
		DD653D58293041CC00185834 /* LaunchScreen.storyboard */ = {
			isa = PBXVariantGroup;
			children = (
				DD653D59293041CC00185834 /* Base */,
			);
			name = LaunchScreen.storyboard;
			sourceTree = "<group>";
		};
/* End PBXVariantGroup section */

/* Begin XCBuildConfiguration section */
		DD653D74293041CC00185834 /* Debug */ = {
			isa = XCBuildConfiguration;
			buildSettings = {
				ALWAYS_SEARCH_USER_PATHS = NO;
				CLANG_ANALYZER_NONNULL = YES;
				CLANG_ANALYZER_NUMBER_OBJECT_CONVERSION = YES_AGGRESSIVE;
				CLANG_CXX_LANGUAGE_STANDARD = "gnu++20";
				CLANG_ENABLE_MODULES = YES;
				CLANG_ENABLE_OBJC_ARC = YES;
				CLANG_ENABLE_OBJC_WEAK = YES;
				CLANG_WARN_BLOCK_CAPTURE_AUTORELEASING = YES;
				CLANG_WARN_BOOL_CONVERSION = YES;
				CLANG_WARN_COMMA = YES;
				CLANG_WARN_CONSTANT_CONVERSION = YES;
				CLANG_WARN_DEPRECATED_OBJC_IMPLEMENTATIONS = YES;
				CLANG_WARN_DIRECT_OBJC_ISA_USAGE = YES_ERROR;
				CLANG_WARN_DOCUMENTATION_COMMENTS = YES;
				CLANG_WARN_EMPTY_BODY = YES;
				CLANG_WARN_ENUM_CONVERSION = YES;
				CLANG_WARN_INFINITE_RECURSION = YES;
				CLANG_WARN_INT_CONVERSION = YES;
				CLANG_WARN_NON_LITERAL_NULL_CONVERSION = YES;
				CLANG_WARN_OBJC_IMPLICIT_RETAIN_SELF = YES;
				CLANG_WARN_OBJC_LITERAL_CONVERSION = YES;
				CLANG_WARN_OBJC_ROOT_CLASS = YES_ERROR;
				CLANG_WARN_QUOTED_INCLUDE_IN_FRAMEWORK_HEADER = YES;
				CLANG_WARN_RANGE_LOOP_ANALYSIS = YES;
				CLANG_WARN_STRICT_PROTOTYPES = YES;
				CLANG_WARN_SUSPICIOUS_MOVE = YES;
				CLANG_WARN_UNGUARDED_AVAILABILITY = YES_AGGRESSIVE;
				CLANG_WARN_UNREACHABLE_CODE = YES;
				CLANG_WARN__DUPLICATE_METHOD_MATCH = YES;
				COPY_PHASE_STRIP = NO;
				DEBUG_INFORMATION_FORMAT = dwarf;
				ENABLE_STRICT_OBJC_MSGSEND = YES;
				ENABLE_TESTABILITY = YES;
				GCC_C_LANGUAGE_STANDARD = gnu11;
				GCC_DYNAMIC_NO_PIC = NO;
				GCC_NO_COMMON_BLOCKS = YES;
				GCC_OPTIMIZATION_LEVEL = 0;
				GCC_PREPROCESSOR_DEFINITIONS = (
					"DEBUG=1",
					"$(inherited)",
				);
				GCC_WARN_64_TO_32_BIT_CONVERSION = YES;
				GCC_WARN_ABOUT_RETURN_TYPE = YES_ERROR;
				GCC_WARN_UNDECLARED_SELECTOR = YES;
				GCC_WARN_UNINITIALIZED_AUTOS = YES_AGGRESSIVE;
				GCC_WARN_UNUSED_FUNCTION = YES;
				GCC_WARN_UNUSED_VARIABLE = YES;
				IPHONEOS_DEPLOYMENT_TARGET = 16.1;
				MTL_ENABLE_DEBUG_INFO = INCLUDE_SOURCE;
				MTL_FAST_MATH = YES;
				ONLY_ACTIVE_ARCH = YES;
				SDKROOT = iphoneos;
			};
			name = Debug;
		};
		DD653D75293041CC00185834 /* Release */ = {
			isa = XCBuildConfiguration;
			buildSettings = {
				ALWAYS_SEARCH_USER_PATHS = NO;
				CLANG_ANALYZER_NONNULL = YES;
				CLANG_ANALYZER_NUMBER_OBJECT_CONVERSION = YES_AGGRESSIVE;
				CLANG_CXX_LANGUAGE_STANDARD = "gnu++20";
				CLANG_ENABLE_MODULES = YES;
				CLANG_ENABLE_OBJC_ARC = YES;
				CLANG_ENABLE_OBJC_WEAK = YES;
				CLANG_WARN_BLOCK_CAPTURE_AUTORELEASING = YES;
				CLANG_WARN_BOOL_CONVERSION = YES;
				CLANG_WARN_COMMA = YES;
				CLANG_WARN_CONSTANT_CONVERSION = YES;
				CLANG_WARN_DEPRECATED_OBJC_IMPLEMENTATIONS = YES;
				CLANG_WARN_DIRECT_OBJC_ISA_USAGE = YES_ERROR;
				CLANG_WARN_DOCUMENTATION_COMMENTS = YES;
				CLANG_WARN_EMPTY_BODY = YES;
				CLANG_WARN_ENUM_CONVERSION = YES;
				CLANG_WARN_INFINITE_RECURSION = YES;
				CLANG_WARN_INT_CONVERSION = YES;
				CLANG_WARN_NON_LITERAL_NULL_CONVERSION = YES;
				CLANG_WARN_OBJC_IMPLICIT_RETAIN_SELF = YES;
				CLANG_WARN_OBJC_LITERAL_CONVERSION = YES;
				CLANG_WARN_OBJC_ROOT_CLASS = YES_ERROR;
				CLANG_WARN_QUOTED_INCLUDE_IN_FRAMEWORK_HEADER = YES;
				CLANG_WARN_RANGE_LOOP_ANALYSIS = YES;
				CLANG_WARN_STRICT_PROTOTYPES = YES;
				CLANG_WARN_SUSPICIOUS_MOVE = YES;
				CLANG_WARN_UNGUARDED_AVAILABILITY = YES_AGGRESSIVE;
				CLANG_WARN_UNREACHABLE_CODE = YES;
				CLANG_WARN__DUPLICATE_METHOD_MATCH = YES;
				COPY_PHASE_STRIP = NO;
				DEBUG_INFORMATION_FORMAT = "dwarf-with-dsym";
				ENABLE_NS_ASSERTIONS = NO;
				ENABLE_STRICT_OBJC_MSGSEND = YES;
				GCC_C_LANGUAGE_STANDARD = gnu11;
				GCC_NO_COMMON_BLOCKS = YES;
				GCC_WARN_64_TO_32_BIT_CONVERSION = YES;
				GCC_WARN_ABOUT_RETURN_TYPE = YES_ERROR;
				GCC_WARN_UNDECLARED_SELECTOR = YES;
				GCC_WARN_UNINITIALIZED_AUTOS = YES_AGGRESSIVE;
				GCC_WARN_UNUSED_FUNCTION = YES;
				GCC_WARN_UNUSED_VARIABLE = YES;
				IPHONEOS_DEPLOYMENT_TARGET = 16.1;
				MTL_ENABLE_DEBUG_INFO = NO;
				MTL_FAST_MATH = YES;
				SDKROOT = iphoneos;
				VALIDATE_PRODUCT = YES;
			};
			name = Release;
		};
		DD653D77293041CC00185834 /* Debug */ = {
			isa = XCBuildConfiguration;
			buildSettings = {
				ASSETCATALOG_COMPILER_APPICON_NAME = AppIcon;
				ASSETCATALOG_COMPILER_GLOBAL_ACCENT_COLOR_NAME = AccentColor;
				CODE_SIGN_STYLE = Automatic;
				CURRENT_PROJECT_VERSION = 1;
				DEVELOPMENT_TEAM = J83X8YAG93;
				GENERATE_INFOPLIST_FILE = YES;
				INFOPLIST_FILE = BusinessApp/Info.plist;
				INFOPLIST_KEY_UIApplicationSupportsIndirectInputEvents = YES;
				INFOPLIST_KEY_UILaunchStoryboardName = LaunchScreen;
				INFOPLIST_KEY_UIMainStoryboardFile = Main;
				INFOPLIST_KEY_UISupportedInterfaceOrientations_iPad = "UIInterfaceOrientationPortrait UIInterfaceOrientationPortraitUpsideDown UIInterfaceOrientationLandscapeLeft UIInterfaceOrientationLandscapeRight";
				INFOPLIST_KEY_UISupportedInterfaceOrientations_iPhone = "UIInterfaceOrientationPortrait UIInterfaceOrientationLandscapeLeft UIInterfaceOrientationLandscapeRight";
				LD_RUNPATH_SEARCH_PATHS = (
					"$(inherited)",
					"@executable_path/Frameworks",
				);
				MARKETING_VERSION = 1.0;
				PRODUCT_BUNDLE_IDENTIFIER = IksangYoo.BusinessApp;
				PRODUCT_NAME = "$(TARGET_NAME)";
				SWIFT_EMIT_LOC_STRINGS = YES;
				TARGETED_DEVICE_FAMILY = "1,2";
			};
			name = Debug;
		};
		DD653D78293041CC00185834 /* Release */ = {
			isa = XCBuildConfiguration;
			buildSettings = {
				ASSETCATALOG_COMPILER_APPICON_NAME = AppIcon;
				ASSETCATALOG_COMPILER_GLOBAL_ACCENT_COLOR_NAME = AccentColor;
				CODE_SIGN_STYLE = Automatic;
				CURRENT_PROJECT_VERSION = 1;
				DEVELOPMENT_TEAM = J83X8YAG93;
				GENERATE_INFOPLIST_FILE = YES;
				INFOPLIST_FILE = BusinessApp/Info.plist;
				INFOPLIST_KEY_UIApplicationSupportsIndirectInputEvents = YES;
				INFOPLIST_KEY_UILaunchStoryboardName = LaunchScreen;
				INFOPLIST_KEY_UIMainStoryboardFile = Main;
				INFOPLIST_KEY_UISupportedInterfaceOrientations_iPad = "UIInterfaceOrientationPortrait UIInterfaceOrientationPortraitUpsideDown UIInterfaceOrientationLandscapeLeft UIInterfaceOrientationLandscapeRight";
				INFOPLIST_KEY_UISupportedInterfaceOrientations_iPhone = "UIInterfaceOrientationPortrait UIInterfaceOrientationLandscapeLeft UIInterfaceOrientationLandscapeRight";
				LD_RUNPATH_SEARCH_PATHS = (
					"$(inherited)",
					"@executable_path/Frameworks",
				);
				MARKETING_VERSION = 1.0;
				PRODUCT_BUNDLE_IDENTIFIER = IksangYoo.BusinessApp;
				PRODUCT_NAME = "$(TARGET_NAME)";
				SWIFT_EMIT_LOC_STRINGS = YES;
				TARGETED_DEVICE_FAMILY = "1,2";
			};
			name = Release;
		};
		DD653D7A293041CC00185834 /* Debug */ = {
			isa = XCBuildConfiguration;
			buildSettings = {
				BUNDLE_LOADER = "$(TEST_HOST)";
				CODE_SIGN_STYLE = Automatic;
				CURRENT_PROJECT_VERSION = 1;
				DEVELOPMENT_TEAM = J83X8YAG93;
				GENERATE_INFOPLIST_FILE = YES;
				IPHONEOS_DEPLOYMENT_TARGET = 16.1;
				MARKETING_VERSION = 1.0;
				PRODUCT_BUNDLE_IDENTIFIER = IksangYoo.BusinessAppTests;
				PRODUCT_NAME = "$(TARGET_NAME)";
				SWIFT_EMIT_LOC_STRINGS = NO;
				TARGETED_DEVICE_FAMILY = "1,2";
				TEST_HOST = "$(BUILT_PRODUCTS_DIR)/BusinessApp.app/$(BUNDLE_EXECUTABLE_FOLDER_PATH)/BusinessApp";
			};
			name = Debug;
		};
		DD653D7B293041CC00185834 /* Release */ = {
			isa = XCBuildConfiguration;
			buildSettings = {
				BUNDLE_LOADER = "$(TEST_HOST)";
				CODE_SIGN_STYLE = Automatic;
				CURRENT_PROJECT_VERSION = 1;
				DEVELOPMENT_TEAM = J83X8YAG93;
				GENERATE_INFOPLIST_FILE = YES;
				IPHONEOS_DEPLOYMENT_TARGET = 16.1;
				MARKETING_VERSION = 1.0;
				PRODUCT_BUNDLE_IDENTIFIER = IksangYoo.BusinessAppTests;
				PRODUCT_NAME = "$(TARGET_NAME)";
				SWIFT_EMIT_LOC_STRINGS = NO;
				TARGETED_DEVICE_FAMILY = "1,2";
				TEST_HOST = "$(BUILT_PRODUCTS_DIR)/BusinessApp.app/$(BUNDLE_EXECUTABLE_FOLDER_PATH)/BusinessApp";
			};
			name = Release;
		};
		DD653D7D293041CC00185834 /* Debug */ = {
			isa = XCBuildConfiguration;
			buildSettings = {
				CODE_SIGN_STYLE = Automatic;
				CURRENT_PROJECT_VERSION = 1;
				DEVELOPMENT_TEAM = J83X8YAG93;
				GENERATE_INFOPLIST_FILE = YES;
				MARKETING_VERSION = 1.0;
				PRODUCT_BUNDLE_IDENTIFIER = IksangYoo.BusinessAppUITests;
				PRODUCT_NAME = "$(TARGET_NAME)";
				SWIFT_EMIT_LOC_STRINGS = NO;
				TARGETED_DEVICE_FAMILY = "1,2";
				TEST_TARGET_NAME = BusinessApp;
			};
			name = Debug;
		};
		DD653D7E293041CC00185834 /* Release */ = {
			isa = XCBuildConfiguration;
			buildSettings = {
				CODE_SIGN_STYLE = Automatic;
				CURRENT_PROJECT_VERSION = 1;
				DEVELOPMENT_TEAM = J83X8YAG93;
				GENERATE_INFOPLIST_FILE = YES;
				MARKETING_VERSION = 1.0;
				PRODUCT_BUNDLE_IDENTIFIER = IksangYoo.BusinessAppUITests;
				PRODUCT_NAME = "$(TARGET_NAME)";
				SWIFT_EMIT_LOC_STRINGS = NO;
				TARGETED_DEVICE_FAMILY = "1,2";
				TEST_TARGET_NAME = BusinessApp;
			};
			name = Release;
		};
/* End XCBuildConfiguration section */

/* Begin XCConfigurationList section */
		DD653D42293041CB00185834 /* Build configuration list for PBXProject "BusinessApp" */ = {
			isa = XCConfigurationList;
			buildConfigurations = (
				DD653D74293041CC00185834 /* Debug */,
				DD653D75293041CC00185834 /* Release */,
			);
			defaultConfigurationIsVisible = 0;
			defaultConfigurationName = Release;
		};
		DD653D76293041CC00185834 /* Build configuration list for PBXNativeTarget "BusinessApp" */ = {
			isa = XCConfigurationList;
			buildConfigurations = (
				DD653D77293041CC00185834 /* Debug */,
				DD653D78293041CC00185834 /* Release */,
			);
			defaultConfigurationIsVisible = 0;
			defaultConfigurationName = Release;
		};
		DD653D79293041CC00185834 /* Build configuration list for PBXNativeTarget "BusinessAppTests" */ = {
			isa = XCConfigurationList;
			buildConfigurations = (
				DD653D7A293041CC00185834 /* Debug */,
				DD653D7B293041CC00185834 /* Release */,
			);
			defaultConfigurationIsVisible = 0;
			defaultConfigurationName = Release;
		};
		DD653D7C293041CC00185834 /* Build configuration list for PBXNativeTarget "BusinessAppUITests" */ = {
			isa = XCConfigurationList;
			buildConfigurations = (
				DD653D7D293041CC00185834 /* Debug */,
				DD653D7E293041CC00185834 /* Release */,
			);
			defaultConfigurationIsVisible = 0;
			defaultConfigurationName = Release;
		};
/* End XCConfigurationList section */
	};
	rootObject = DD653D3F293041CB00185834 /* Project object */;
}
